
Microsoft Visual Studio Solution File, Format Version 12.00
# Visual Studio Version 16
VisualStudioVersion = 16.0.32630.194
MinimumVisualStudioVersion = 10.0.40219.1
Project("{9A19103F-16F7-4668-BE54-9A1E7A4F7556}") = "Tetris", "Tetris.csproj", "{93F04E2E-60AB-46CA-966B-88C23606669A}"
EndProject
Project("{FAE04EC0-301F-11D3-BF4B-00C04F79EFBC}") = "TestCode", "..\TestCode\TestCode.csproj", "{D8FB6344-FC14-43BA-89A3-6D50AC548D85}"
EndProject
Global
	GlobalSection(SolutionConfigurationPlatforms) = preSolution
		Debug|Any CPU = Debug|Any CPU
		Release|Any CPU = Release|Any CPU
	EndGlobalSection
	GlobalSection(ProjectConfigurationPlatforms) = postSolution
		{93F04E2E-60AB-46CA-966B-88C23606669A}.Debug|Any CPU.ActiveCfg = Debug|Any CPU
		{93F04E2E-60AB-46CA-966B-88C23606669A}.Debug|Any CPU.Build.0 = Debug|Any CPU
		{93F04E2E-60AB-46CA-966B-88C23606669A}.Release|Any CPU.ActiveCfg = Release|Any CPU
		{93F04E2E-60AB-46CA-966B-88C23606669A}.Release|Any CPU.Build.0 = Release|Any CPU
		{D8FB6344-FC14-43BA-89A3-6D50AC548D85}.Debug|Any CPU.ActiveCfg = Debug|Any CPU
		{D8FB6344-FC14-43BA-89A3-6D50AC548D85}.Debug|Any CPU.Build.0 = Debug|Any CPU
		{D8FB6344-FC14-43BA-89A3-6D50AC548D85}.Release|Any CPU.ActiveCfg = Release|Any CPU
		{D8FB6344-FC14-43BA-89A3-6D50AC548D85}.Release|Any CPU.Build.0 = Release|Any CPU
	EndGlobalSection
	GlobalSection(SolutionProperties) = preSolution
		HideSolutionNode = FALSE
	EndGlobalSection
	GlobalSection(ExtensibilityGlobals) = postSolution
		SolutionGuid = {E2CC343C-6B69-48F0-9718-B88D104BDEE0}
	EndGlobalSection
EndGlobal
